
Microsoft Visual Studio Solution File, Format Version 12.00
# Visual Studio 15
VisualStudioVersion = 15.0.28307.329
MinimumVisualStudioVersion = 10.0.40219.1
Project("{FAE04EC0-301F-11D3-BF4B-00C04F79EFBC}") = "BlazorDemo.Server", "BlazorDemo.Server\BlazorDemo.Server.csproj", "{A4627808-6A2C-4B8D-BB70-2F405EC4F53C}"
EndProject
Project("{FAE04EC0-301F-11D3-BF4B-00C04F79EFBC}") = "BlazorDemo.Client", "BlazorDemo.Client\BlazorDemo.Client.csproj", "{2DF85331-8C5F-4A89-933B-F665262BD3A1}"
EndProject
Project("{FAE04EC0-301F-11D3-BF4B-00C04F79EFBC}") = "BlazorDemo.Shared", "BlazorDemo.Shared\BlazorDemo.Shared.csproj", "{4045E27B-8579-400D-BCF8-A881262C1819}"
EndProject
Global
	GlobalSection(SolutionConfigurationPlatforms) = preSolution
		Debug|Any CPU = Debug|Any CPU
		Release|Any CPU = Release|Any CPU
	EndGlobalSection
	GlobalSection(ProjectConfigurationPlatforms) = postSolution
		{A4627808-6A2C-4B8D-BB70-2F405EC4F53C}.Debug|Any CPU.ActiveCfg = Debug|Any CPU
		{A4627808-6A2C-4B8D-BB70-2F405EC4F53C}.Debug|Any CPU.Build.0 = Debug|Any CPU
		{A4627808-6A2C-4B8D-BB70-2F405EC4F53C}.Release|Any CPU.ActiveCfg = Release|Any CPU
		{A4627808-6A2C-4B8D-BB70-2F405EC4F53C}.Release|Any CPU.Build.0 = Release|Any CPU
		{2DF85331-8C5F-4A89-933B-F665262BD3A1}.Debug|Any CPU.ActiveCfg = Debug|Any CPU
		{2DF85331-8C5F-4A89-933B-F665262BD3A1}.Debug|Any CPU.Build.0 = Debug|Any CPU
		{2DF85331-8C5F-4A89-933B-F665262BD3A1}.Release|Any CPU.ActiveCfg = Release|Any CPU
		{2DF85331-8C5F-4A89-933B-F665262BD3A1}.Release|Any CPU.Build.0 = Release|Any CPU
		{4045E27B-8579-400D-BCF8-A881262C1819}.Debug|Any CPU.ActiveCfg = Debug|Any CPU
		{4045E27B-8579-400D-BCF8-A881262C1819}.Debug|Any CPU.Build.0 = Debug|Any CPU
		{4045E27B-8579-400D-BCF8-A881262C1819}.Release|Any CPU.ActiveCfg = Release|Any CPU
		{4045E27B-8579-400D-BCF8-A881262C1819}.Release|Any CPU.Build.0 = Release|Any CPU
	EndGlobalSection
	GlobalSection(SolutionProperties) = preSolution
		HideSolutionNode = FALSE
	EndGlobalSection
	GlobalSection(ExtensibilityGlobals) = postSolution
		SolutionGuid = {E662A661-CC66-4CC0-8111-1AF8EB5CF8C0}
	EndGlobalSection
EndGlobal
